// !$*UTF8*$!
{
	archiveVersion = 1;
	classes = {
	};
	objectVersion = 46;
	objects = {

/* Begin PBXBuildFile section */
		A33C0B461E235A4500524586 /* main.m in Sources */ = {isa = PBXBuildFile; fileRef = A33C0B451E235A4500524586 /* main.m */; };
		A33C0B491E235A4500524586 /* AppDelegate.m in Sources */ = {isa = PBXBuildFile; fileRef = A33C0B481E235A4500524586 /* AppDelegate.m */; };
		A33C0B4C1E235A4500524586 /* ViewController.m in Sources */ = {isa = PBXBuildFile; fileRef = A33C0B4B1E235A4500524586 /* ViewController.m */; };
		A33C0B4F1E235A4500524586 /* Main.storyboard in Resources */ = {isa = PBXBuildFile; fileRef = A33C0B4D1E235A4500524586 /* Main.storyboard */; };
		A33C0B511E235A4500524586 /* Assets.xcassets in Resources */ = {isa = PBXBuildFile; fileRef = A33C0B501E235A4500524586 /* Assets.xcassets */; };
		A33C0B541E235A4500524586 /* LaunchScreen.storyboard in Resources */ = {isa = PBXBuildFile; fileRef = A33C0B521E235A4500524586 /* LaunchScreen.storyboard */; };
/* End PBXBuildFile section */

/* Begin PBXFileReference section */
		A33C0B411E235A4500524586 /* XZAVMixObject.app */ = {isa = PBXFileReference; explicitFileType = wrapper.application; includeInIndex = 0; path = XZAVMixObject.app; sourceTree = BUILT_PRODUCTS_DIR; };
		A33C0B451E235A4500524586 /* main.m */ = {isa = PBXFileReference; lastKnownFileType = sourcecode.c.objc; path = main.m; sourceTree = "<group>"; };
		A33C0B471E235A4500524586 /* AppDelegate.h */ = {isa = PBXFileReference; lastKnownFileType = sourcecode.c.h; path = AppDelegate.h; sourceTree = "<group>"; };
		A33C0B481E235A4500524586 /* AppDelegate.m */ = {isa = PBXFileReference; lastKnownFileType = sourcecode.c.objc; path = AppDelegate.m; sourceTree = "<group>"; };
		A33C0B4A1E235A4500524586 /* ViewController.h */ = {isa = PBXFileReference; lastKnownFileType = sourcecode.c.h; path = ViewController.h; sourceTree = "<group>"; };
		A33C0B4B1E235A4500524586 /* ViewController.m */ = {isa = PBXFileReference; lastKnownFileType = sourcecode.c.objc; path = ViewController.m; sourceTree = "<group>"; };
		A33C0B4E1E235A4500524586 /* Base */ = {isa = PBXFileReference; lastKnownFileType = file.storyboard; name = Base; path = Base.lproj/Main.storyboard; sourceTree = "<group>"; };
		A33C0B501E235A4500524586 /* Assets.xcassets */ = {isa = PBXFileReference; lastKnownFileType = folder.assetcatalog; path = Assets.xcassets; sourceTree = "<group>"; };
		A33C0B531E235A4500524586 /* Base */ = {isa = PBXFileReference; lastKnownFileType = file.storyboard; name = Base; path = Base.lproj/LaunchScreen.storyboard; sourceTree = "<group>"; };
		A33C0B551E235A4500524586 /* Info.plist */ = {isa = PBXFileReference; lastKnownFileType = text.plist.xml; path = Info.plist; sourceTree = "<group>"; };
/* End PBXFileReference section */

/* Begin PBXFrameworksBuildPhase section */
		A33C0B3E1E235A4500524586 /* Frameworks */ = {
			isa = PBXFrameworksBuildPhase;
			buildActionMask = 2147483647;
			files = (
			);
			runOnlyForDeploymentPostprocessing = 0;
		};
/* End PBXFrameworksBuildPhase section */

/* Begin PBXGroup section */
		A33C0B381E235A4500524586 = {
			isa = PBXGroup;
			children = (
				A33C0B431E235A4500524586 /* XZAVMixObject */,
				A33C0B421E235A4500524586 /* Products */,
			);
			sourceTree = "<group>";
		};
		A33C0B421E235A4500524586 /* Products */ = {
			isa = PBXGroup;
			children = (
				A33C0B411E235A4500524586 /* XZAVMixObject.app */,
			);
			name = Products;
			sourceTree = "<group>";
		};
		A33C0B431E235A4500524586 /* XZAVMixObject */ = {
			isa = PBXGroup;
			children = (
				A33C0B471E235A4500524586 /* AppDelegate.h */,
				A33C0B481E235A4500524586 /* AppDelegate.m */,
				A33C0B4A1E235A4500524586 /* ViewController.h */,
				A33C0B4B1E235A4500524586 /* ViewController.m */,
				A33C0B4D1E235A4500524586 /* Main.storyboard */,
				A33C0B501E235A4500524586 /* Assets.xcassets */,
				A33C0B521E235A4500524586 /* LaunchScreen.storyboard */,
				A33C0B551E235A4500524586 /* Info.plist */,
				A33C0B441E235A4500524586 /* Supporting Files */,
			);
			path = XZAVMixObject;
			sourceTree = "<group>";
		};
		A33C0B441E235A4500524586 /* Supporting Files */ = {
			isa = PBXGroup;
			children = (
				A33C0B451E235A4500524586 /* main.m */,
			);
			name = "Supporting Files";
			sourceTree = "<group>";
		};
/* End PBXGroup section */

/* Begin PBXNativeTarget section */
		A33C0B401E235A4500524586 /* XZAVMixObject */ = {
			isa = PBXNativeTarget;
			buildConfigurationList = A33C0B581E235A4500524586 /* Build configuration list for PBXNativeTarget "XZAVMixObject" */;
			buildPhases = (
				A33C0B3D1E235A4500524586 /* Sources */,
				A33C0B3E1E235A4500524586 /* Frameworks */,
				A33C0B3F1E235A4500524586 /* Resources */,
			);
			buildRules = (
			);
			dependencies = (
			);
			name = XZAVMixObject;
			productName = XZAVMixObject;
			productReference = A33C0B411E235A4500524586 /* XZAVMixObject.app */;
			productType = "com.apple.product-type.application";
		};
/* End PBXNativeTarget section */

/* Begin PBXProject section */
		A33C0B391E235A4500524586 /* Project object */ = {
			isa = PBXProject;
			attributes = {
				LastUpgradeCheck = 0820;
				ORGANIZATIONNAME = zhaoyongjie;
				TargetAttributes = {
					A33C0B401E235A4500524586 = {
						CreatedOnToolsVersion = 8.2;
						ProvisioningStyle = Automatic;
					};
				};
			};
			buildConfigurationList = A33C0B3C1E235A4500524586 /* Build configuration list for PBXProject "XZAVMixObject" */;
			compatibilityVersion = "Xcode 3.2";
			developmentRegion = English;
			hasScannedForEncodings = 0;
			knownRegions = (
				en,
				Base,
			);
			mainGroup = A33C0B381E235A4500524586;
			productRefGroup = A33C0B421E235A4500524586 /* Products */;
			projectDirPath = "";
			projectRoot = "";
			targets = (
				A33C0B401E235A4500524586 /* XZAVMixObject */,
			);
		};
/* End PBXProject section */

/* Begin PBXResourcesBuildPhase section */
		A33C0B3F1E235A4500524586 /* Resources */ = {
			isa = PBXResourcesBuildPhase;
			buildActionMask = 2147483647;
			files = (
				A33C0B541E235A4500524586 /* LaunchScreen.storyboard in Resources */,
				A33C0B511E235A4500524586 /* Assets.xcassets in Resources */,
				A33C0B4F1E235A4500524586 /* Main.storyboard in Resources */,
			);
			runOnlyForDeploymentPostprocessing = 0;
		};
/* End PBXResourcesBuildPhase section */

/* Begin PBXSourcesBuildPhase section */
		A33C0B3D1E235A4500524586 /* Sources */ = {
			isa = PBXSourcesBuildPhase;
			buildActionMask = 2147483647;
			files = (
				A33C0B4C1E235A4500524586 /* ViewController.m in Sources */,
				A33C0B491E235A4500524586 /* AppDelegate.m in Sources */,
				A33C0B461E235A4500524586 /* main.m in Sources */,
			);
			runOnlyForDeploymentPostprocessing = 0;
		};
/* End PBXSourcesBuildPhase section */

/* Begin PBXVariantGroup section */
		A33C0B4D1E235A4500524586 /* Main.storyboard */ = {
			isa = PBXVariantGroup;
			children = (
				A33C0B4E1E235A4500524586 /* Base */,
			);
			name = Main.storyboard;
			sourceTree = "<group>";
		};
		A33C0B521E235A4500524586 /* LaunchScreen.storyboard */ = {
			isa = PBXVariantGroup;
			children = (
				A33C0B531E235A4500524586 /* Base */,
			);
			name = LaunchScreen.storyboard;
			sourceTree = "<group>";
		};
/* End PBXVariantGroup section */

/* Begin XCBuildConfiguration section */
		A33C0B561E235A4500524586 /* Debug */ = {
			isa = XCBuildConfiguration;
			buildSettings = {
				ALWAYS_SEARCH_USER_PATHS = NO;
				CLANG_ANALYZER_NONNULL = YES;
				CLANG_CXX_LANGUAGE_STANDARD = "gnu++0x";
				CLANG_CXX_LIBRARY = "libc++";
				CLANG_ENABLE_MODULES = YES;
				CLANG_ENABLE_OBJC_ARC = YES;
				CLANG_WARN_BOOL_CONVERSION = YES;
				CLANG_WARN_CONSTANT_CONVERSION = YES;
				CLANG_WARN_DIRECT_OBJC_ISA_USAGE = YES_ERROR;
				CLANG_WARN_DOCUMENTATION_COMMENTS = YES;
				CLANG_WARN_EMPTY_BODY = YES;
				CLANG_WARN_ENUM_CONVERSION = YES;
				CLANG_WARN_INFINITE_RECURSION = YES;
				CLANG_WARN_INT_CONVERSION = YES;
				CLANG_WARN_OBJC_ROOT_CLASS = YES_ERROR;
				CLANG_WARN_SUSPICIOUS_MOVE = YES;
				CLANG_WARN_UNREACHABLE_CODE = YES;
				CLANG_WARN__DUPLICATE_METHOD_MATCH = YES;
				"CODE_SIGN_IDENTITY[sdk=iphoneos*]" = "iPhone Developer";
				COPY_PHASE_STRIP = NO;
				DEBUG_INFORMATION_FORMAT = dwarf;
				ENABLE_STRICT_OBJC_MSGSEND = YES;
				ENABLE_TESTABILITY = YES;
				GCC_C_LANGUAGE_STANDARD = gnu99;
				GCC_DYNAMIC_NO_PIC = NO;
				GCC_NO_COMMON_BLOCKS = YES;
				GCC_OPTIMIZATION_LEVEL = 0;
				GCC_PREPROCESSOR_DEFINITIONS = (
					"DEBUG=1",
					"$(inherited)",
				);
				GCC_WARN_64_TO_32_BIT_CONVERSION = YES;
				GCC_WARN_ABOUT_RETURN_TYPE = YES_ERROR;
				GCC_WARN_UNDECLARED_SELECTOR = YES;
				GCC_WARN_UNINITIALIZED_AUTOS = YES_AGGRESSIVE;
				GCC_WARN_UNUSED_FUNCTION = YES;
				GCC_WARN_UNUSED_VARIABLE = YES;
				IPHONEOS_DEPLOYMENT_TARGET = 10.2;
				MTL_ENABLE_DEBUG_INFO = YES;
				ONLY_ACTIVE_ARCH = YES;
				SDKROOT = iphoneos;
				TARGETED_DEVICE_FAMILY = "1,2";
			};
			name = Debug;
		};
		A33C0B571E235A4500524586 /* Release */ = {
			isa = XCBuildConfiguration;
			buildSettings = {
				ALWAYS_SEARCH_USER_PATHS = NO;
				CLANG_ANALYZER_NONNULL = YES;
				CLANG_CXX_LANGUAGE_STANDARD = "gnu++0x";
				CLANG_CXX_LIBRARY = "libc++";
				CLANG_ENABLE_MODULES = YES;
				CLANG_ENABLE_OBJC_ARC = YES;
				CLANG_WARN_BOOL_CONVERSION = YES;
				CLANG_WARN_CONSTANT_CONVERSION = YES;
				CLANG_WARN_DIRECT_OBJC_ISA_USAGE = YES_ERROR;
				CLANG_WARN_DOCUMENTATION_COMMENTS = YES;
				CLANG_WARN_EMPTY_BODY = YES;
				CLANG_WARN_ENUM_CONVERSION = YES;
				CLANG_WARN_INFINITE_RECURSION = YES;
				CLANG_WARN_INT_CONVERSION = YES;
				CLANG_WARN_OBJC_ROOT_CLASS = YES_ERROR;
				CLANG_WARN_SUSPICIOUS_MOVE = YES;
				CLANG_WARN_UNREACHABLE_CODE = YES;
				CLANG_WARN__DUPLICATE_METHOD_MATCH = YES;
				"CODE_SIGN_IDENTITY[sdk=iphoneos*]" = "iPhone Developer";
				COPY_PHASE_STRIP = NO;
				DEBUG_INFORMATION_FORMAT = "dwarf-with-dsym";
				ENABLE_NS_ASSERTIONS = NO;
				ENABLE_STRICT_OBJC_MSGSEND = YES;
				GCC_C_LANGUAGE_STANDARD = gnu99;
				GCC_NO_COMMON_BLOCKS = YES;
				GCC_WARN_64_TO_32_BIT_CONVERSION = YES;
				GCC_WARN_ABOUT_RETURN_TYPE = YES_ERROR;
				GCC_WARN_UNDECLARED_SELECTOR = YES;
				GCC_WARN_UNINITIALIZED_AUTOS = YES_AGGRESSIVE;
				GCC_WARN_UNUSED_FUNCTION = YES;
				GCC_WARN_UNUSED_VARIABLE = YES;
				IPHONEOS_DEPLOYMENT_TARGET = 10.2;
				MTL_ENABLE_DEBUG_INFO = NO;
				SDKROOT = iphoneos;
				TARGETED_DEVICE_FAMILY = "1,2";
				VALIDATE_PRODUCT = YES;
			};
			name = Release;
		};
		A33C0B591E235A4500524586 /* Debug */ = {
			isa = XCBuildConfiguration;
			buildSettings = {
				ASSETCATALOG_COMPILER_APPICON_NAME = AppIcon;
				INFOPLIST_FILE = XZAVMixObject/Info.plist;
				LD_RUNPATH_SEARCH_PATHS = "$(inherited) @executable_path/Frameworks";
				PRODUCT_BUNDLE_IDENTIFIER = com.zyj.XZAVMixObject;
				PRODUCT_NAME = "$(TARGET_NAME)";
			};
			name = Debug;
		};
		A33C0B5A1E235A4500524586 /* Release */ = {
			isa = XCBuildConfiguration;
			buildSettings = {
				ASSETCATALOG_COMPILER_APPICON_NAME = AppIcon;
				INFOPLIST_FILE = XZAVMixObject/Info.plist;
				LD_RUNPATH_SEARCH_PATHS = "$(inherited) @executable_path/Frameworks";
				PRODUCT_BUNDLE_IDENTIFIER = com.zyj.XZAVMixObject;
				PRODUCT_NAME = "$(TARGET_NAME)";
			};
			name = Release;
		};
/* End XCBuildConfiguration section */

/* Begin XCConfigurationList section */
		A33C0B3C1E235A4500524586 /* Build configuration list for PBXProject "XZAVMixObject" */ = {
			isa = XCConfigurationList;
			buildConfigurations = (
				A33C0B561E235A4500524586 /* Debug */,
				A33C0B571E235A4500524586 /* Release */,
			);
			defaultConfigurationIsVisible = 0;
			defaultConfigurationName = Release;
		};
		A33C0B581E235A4500524586 /* Build configuration list for PBXNativeTarget "XZAVMixObject" */ = {
			isa = XCConfigurationList;
			buildConfigurations = (
				A33C0B591E235A4500524586 /* Debug */,
				A33C0B5A1E235A4500524586 /* Release */,
			);
			defaultConfigurationIsVisible = 0;
		};
/* End XCConfigurationList section */
	};
	rootObject = A33C0B391E235A4500524586 /* Project object */;
}
